
Microsoft Visual Studio Solution File, Format Version 12.00
# Visual Studio Version 17
VisualStudioVersion = 17.3.32811.315
MinimumVisualStudioVersion = 10.0.40219.1
Project("{8BC9CEB8-8B4A-11D0-8D11-00A0C91BC942}") = "test_20221005", "test_20221005\test_20221005.vcxproj", "{BFFA6C5A-06A3-4D73-9E30-A2DB5A40B339}"
EndProject
Global
	GlobalSection(SolutionConfigurationPlatforms) = preSolution
		Debug|x64 = Debug|x64
		Debug|x86 = Debug|x86
		Release|x64 = Release|x64
		Release|x86 = Release|x86
	EndGlobalSection
	GlobalSection(ProjectConfigurationPlatforms) = postSolution
		{BFFA6C5A-06A3-4D73-9E30-A2DB5A40B339}.Debug|x64.ActiveCfg = Debug|x64
		{BFFA6C5A-06A3-4D73-9E30-A2DB5A40B339}.Debug|x64.Build.0 = Debug|x64
		{BFFA6C5A-06A3-4D73-9E30-A2DB5A40B339}.Debug|x86.ActiveCfg = Debug|Win32
		{BFFA6C5A-06A3-4D73-9E30-A2DB5A40B339}.Debug|x86.Build.0 = Debug|Win32
		{BFFA6C5A-06A3-4D73-9E30-A2DB5A40B339}.Release|x64.ActiveCfg = Release|x64
		{BFFA6C5A-06A3-4D73-9E30-A2DB5A40B339}.Release|x64.Build.0 = Release|x64
		{BFFA6C5A-06A3-4D73-9E30-A2DB5A40B339}.Release|x86.ActiveCfg = Release|Win32
		{BFFA6C5A-06A3-4D73-9E30-A2DB5A40B339}.Release|x86.Build.0 = Release|Win32
	EndGlobalSection
	GlobalSection(SolutionProperties) = preSolution
		HideSolutionNode = FALSE
	EndGlobalSection
	GlobalSection(ExtensibilityGlobals) = postSolution
		SolutionGuid = {4C3CF1BC-2BF3-43EA-9A6F-7DBAD0F6FC10}
	EndGlobalSection
EndGlobal
